// !$*UTF8*$!
{
	archiveVersion = 1;
	classes = {
	};
	objectVersion = 56;
	objects = {

/* Begin PBXBuildFile section */
		F20B3A1E2A34D39300685FAF /* ProgressHUD in Frameworks */ = {isa = PBXBuildFile; productRef = F20B3A1D2A34D39300685FAF /* ProgressHUD */; };
		F20B3A202A37D44A00685FAF /* UIBlockingProgressHUD.swift in Sources */ = {isa = PBXBuildFile; fileRef = F20B3A1F2A37D44A00685FAF /* UIBlockingProgressHUD.swift */; };
		F20B3A222A3A1E1C00685FAF /* ProfileService.swift in Sources */ = {isa = PBXBuildFile; fileRef = F20B3A212A3A1E1C00685FAF /* ProfileService.swift */; };
		F20B3A2E2A3E03FC00685FAF /* ProfileImageService.swift in Sources */ = {isa = PBXBuildFile; fileRef = F20B3A2D2A3E03FC00685FAF /* ProfileImageService.swift */; };
		F20B3A342A3EF04300685FAF /* NetworkExtension.swift in Sources */ = {isa = PBXBuildFile; fileRef = F20B3A332A3EF04300685FAF /* NetworkExtension.swift */; };
		F2259F132A098B2A003F7344 /* ImagesListCell.swift in Sources */ = {isa = PBXBuildFile; fileRef = F2259F122A098B2A003F7344 /* ImagesListCell.swift */; };
		F24D40E02A65E1C30085695C /* ProfileViewControllerSpy.swift in Sources */ = {isa = PBXBuildFile; fileRef = F24D40DF2A65E1C30085695C /* ProfileViewControllerSpy.swift */; };
		F24D40E82A670FE00085695C /* ImageFeed_iosUITests.swift in Sources */ = {isa = PBXBuildFile; fileRef = F24D40E72A670FE00085695C /* ImageFeed_iosUITests.swift */; };
		F24F4F012A07B8CA007AC749 /* AppDelegate.swift in Sources */ = {isa = PBXBuildFile; fileRef = F24F4F002A07B8CA007AC749 /* AppDelegate.swift */; };
		F24F4F032A07B8CA007AC749 /* SceneDelegate.swift in Sources */ = {isa = PBXBuildFile; fileRef = F24F4F022A07B8CA007AC749 /* SceneDelegate.swift */; };
		F24F4F052A07B8CA007AC749 /* ImagesListViewController.swift in Sources */ = {isa = PBXBuildFile; fileRef = F24F4F042A07B8CA007AC749 /* ImagesListViewController.swift */; };
		F24F4F082A07B8CA007AC749 /* Main.storyboard in Resources */ = {isa = PBXBuildFile; fileRef = F24F4F062A07B8CA007AC749 /* Main.storyboard */; };
		F24F4F0A2A07B8CB007AC749 /* Assets.xcassets in Resources */ = {isa = PBXBuildFile; fileRef = F24F4F092A07B8CB007AC749 /* Assets.xcassets */; };
		F24F4F0D2A07B8CB007AC749 /* LaunchScreen.storyboard in Resources */ = {isa = PBXBuildFile; fileRef = F24F4F0B2A07B8CB007AC749 /* LaunchScreen.storyboard */; };
		F24F691C2A48EF75001C2D25 /* AlertPresenter.swift in Sources */ = {isa = PBXBuildFile; fileRef = F24F691B2A48EF75001C2D25 /* AlertPresenter.swift */; };
		F24F69222A4E2AFF001C2D25 /* ImagesListService.swift in Sources */ = {isa = PBXBuildFile; fileRef = F24F69212A4E2AFF001C2D25 /* ImagesListService.swift */; };
		F255E0D52A0FF02700CA1957 /* ProfileViewController.swift in Sources */ = {isa = PBXBuildFile; fileRef = F255E0D42A0FF02700CA1957 /* ProfileViewController.swift */; };
		F255E0D72A110E9A00CA1957 /* SingleImageViewController.swift in Sources */ = {isa = PBXBuildFile; fileRef = F255E0D62A110E9A00CA1957 /* SingleImageViewController.swift */; };
		F255E0DA2A254DD600CA1957 /* AuthConfiguration.swift in Sources */ = {isa = PBXBuildFile; fileRef = F255E0D92A254DD600CA1957 /* AuthConfiguration.swift */; };
		F255E0FC2A262E1E00CA1957 /* AuthViewController.swift in Sources */ = {isa = PBXBuildFile; fileRef = F255E0FB2A262E1E00CA1957 /* AuthViewController.swift */; };
		F255E0FF2A2631B200CA1957 /* WebViewViewController.swift in Sources */ = {isa = PBXBuildFile; fileRef = F255E0FE2A2631B200CA1957 /* WebViewViewController.swift */; };
		F2898F382A5B28A70028C978 /* WebViewPresenter.swift in Sources */ = {isa = PBXBuildFile; fileRef = F2898F372A5B28A70028C978 /* WebViewPresenter.swift */; };
		F2898F3B2A5C75260028C978 /* AuthHelper.swift in Sources */ = {isa = PBXBuildFile; fileRef = F2898F3A2A5C75260028C978 /* AuthHelper.swift */; };
		F2898F432A5C7CC50028C978 /* WebViewTests.swift in Sources */ = {isa = PBXBuildFile; fileRef = F2898F422A5C7CC50028C978 /* WebViewTests.swift */; };
		F2898F4A2A5C91F00028C978 /* WebViewViewControllerSpy.swift in Sources */ = {isa = PBXBuildFile; fileRef = F2898F492A5C91F00028C978 /* WebViewViewControllerSpy.swift */; };
		F2898F4C2A5C92950028C978 /* WebViewPresenterSpy.swift in Sources */ = {isa = PBXBuildFile; fileRef = F2898F4B2A5C92950028C978 /* WebViewPresenterSpy.swift */; };
		F29D65BE2A63EE74000DF7E2 /* ProfileViewTests.swift in Sources */ = {isa = PBXBuildFile; fileRef = F29D65B72A63EE42000DF7E2 /* ProfileViewTests.swift */; };
		F29D65C42A64994D000DF7E2 /* ProfileViewPresenterSpy.swift in Sources */ = {isa = PBXBuildFile; fileRef = F29D65C32A64994D000DF7E2 /* ProfileViewPresenterSpy.swift */; };
		F2A314DF2A424E78005E6B71 /* Kingfisher in Frameworks */ = {isa = PBXBuildFile; productRef = F2A314DE2A424E78005E6B71 /* Kingfisher */; };
		F2BBD8CA2A461A5D00F216A4 /* TabBarController.swift in Sources */ = {isa = PBXBuildFile; fileRef = F2BBD8C92A461A5D00F216A4 /* TabBarController.swift */; };
		F2BE817B2A278338009CA280 /* OAuth2Service.swift in Sources */ = {isa = PBXBuildFile; fileRef = F2BE817A2A278338009CA280 /* OAuth2Service.swift */; };
		F2BE817D2A2791DE009CA280 /* OAuth2TokenStorage.swift in Sources */ = {isa = PBXBuildFile; fileRef = F2BE817C2A2791DE009CA280 /* OAuth2TokenStorage.swift */; };
		F2BE81812A2911A9009CA280 /* SplashViewController.swift in Sources */ = {isa = PBXBuildFile; fileRef = F2BE81802A2911A9009CA280 /* SplashViewController.swift */; };
		F2CADF2F2A5F418200B8E9C4 /* ProfileViewPresenter.swift in Sources */ = {isa = PBXBuildFile; fileRef = F2CADF2E2A5F418200B8E9C4 /* ProfileViewPresenter.swift */; };
		F2CADF312A60642E00B8E9C4 /* ImagesListViewPresenter.swift in Sources */ = {isa = PBXBuildFile; fileRef = F2CADF302A60642E00B8E9C4 /* ImagesListViewPresenter.swift */; };
		F2DF40DB2A436DEC00331249 /* SwiftKeychainWrapper in Frameworks */ = {isa = PBXBuildFile; productRef = F2DF40DA2A436DEC00331249 /* SwiftKeychainWrapper */; };
/* End PBXBuildFile section */

/* Begin PBXContainerItemProxy section */
		F24D40EB2A670FE00085695C /* PBXContainerItemProxy */ = {
			isa = PBXContainerItemProxy;
			containerPortal = F24F4EF52A07B8CA007AC749 /* Project object */;
			proxyType = 1;
			remoteGlobalIDString = F24F4EFC2A07B8CA007AC749;
			remoteInfo = "ImageFeed-ios";
		};
		F2898F442A5C7CC50028C978 /* PBXContainerItemProxy */ = {
			isa = PBXContainerItemProxy;
			containerPortal = F24F4EF52A07B8CA007AC749 /* Project object */;
			proxyType = 1;
			remoteGlobalIDString = F24F4EFC2A07B8CA007AC749;
			remoteInfo = "ImageFeed-ios";
		};
		F29D65B92A63EE42000DF7E2 /* PBXContainerItemProxy */ = {
			isa = PBXContainerItemProxy;
			containerPortal = F24F4EF52A07B8CA007AC749 /* Project object */;
			proxyType = 1;
			remoteGlobalIDString = F24F4EFC2A07B8CA007AC749;
			remoteInfo = "ImageFeed-ios";
		};
/* End PBXContainerItemProxy section */

/* Begin PBXFileReference section */
		F20B3A1F2A37D44A00685FAF /* UIBlockingProgressHUD.swift */ = {isa = PBXFileReference; lastKnownFileType = sourcecode.swift; path = UIBlockingProgressHUD.swift; sourceTree = "<group>"; };
		F20B3A212A3A1E1C00685FAF /* ProfileService.swift */ = {isa = PBXFileReference; lastKnownFileType = sourcecode.swift; path = ProfileService.swift; sourceTree = "<group>"; };
		F20B3A2D2A3E03FC00685FAF /* ProfileImageService.swift */ = {isa = PBXFileReference; lastKnownFileType = sourcecode.swift; path = ProfileImageService.swift; sourceTree = "<group>"; };
		F20B3A332A3EF04300685FAF /* NetworkExtension.swift */ = {isa = PBXFileReference; lastKnownFileType = sourcecode.swift; path = NetworkExtension.swift; sourceTree = "<group>"; };
		F2259F122A098B2A003F7344 /* ImagesListCell.swift */ = {isa = PBXFileReference; lastKnownFileType = sourcecode.swift; path = ImagesListCell.swift; sourceTree = "<group>"; };
		F24D40DF2A65E1C30085695C /* ProfileViewControllerSpy.swift */ = {isa = PBXFileReference; lastKnownFileType = sourcecode.swift; path = ProfileViewControllerSpy.swift; sourceTree = "<group>"; };
		F24D40E52A670FE00085695C /* ImageFeed-iosUITests.xctest */ = {isa = PBXFileReference; explicitFileType = wrapper.cfbundle; includeInIndex = 0; path = "ImageFeed-iosUITests.xctest"; sourceTree = BUILT_PRODUCTS_DIR; };
		F24D40E72A670FE00085695C /* ImageFeed_iosUITests.swift */ = {isa = PBXFileReference; lastKnownFileType = sourcecode.swift; path = ImageFeed_iosUITests.swift; sourceTree = "<group>"; };
		F24F4EFD2A07B8CA007AC749 /* ImageFeed-ios.app */ = {isa = PBXFileReference; explicitFileType = wrapper.application; includeInIndex = 0; path = "ImageFeed-ios.app"; sourceTree = BUILT_PRODUCTS_DIR; };
		F24F4F002A07B8CA007AC749 /* AppDelegate.swift */ = {isa = PBXFileReference; lastKnownFileType = sourcecode.swift; path = AppDelegate.swift; sourceTree = "<group>"; };
		F24F4F022A07B8CA007AC749 /* SceneDelegate.swift */ = {isa = PBXFileReference; lastKnownFileType = sourcecode.swift; path = SceneDelegate.swift; sourceTree = "<group>"; };
		F24F4F042A07B8CA007AC749 /* ImagesListViewController.swift */ = {isa = PBXFileReference; lastKnownFileType = sourcecode.swift; path = ImagesListViewController.swift; sourceTree = "<group>"; };
		F24F4F072A07B8CA007AC749 /* Base */ = {isa = PBXFileReference; lastKnownFileType = file.storyboard; name = Base; path = Base.lproj/Main.storyboard; sourceTree = "<group>"; };
		F24F4F092A07B8CB007AC749 /* Assets.xcassets */ = {isa = PBXFileReference; lastKnownFileType = folder.assetcatalog; path = Assets.xcassets; sourceTree = "<group>"; };
		F24F4F0C2A07B8CB007AC749 /* Base */ = {isa = PBXFileReference; lastKnownFileType = file.storyboard; name = Base; path = Base.lproj/LaunchScreen.storyboard; sourceTree = "<group>"; };
		F24F4F0E2A07B8CB007AC749 /* Info.plist */ = {isa = PBXFileReference; lastKnownFileType = text.plist.xml; path = Info.plist; sourceTree = "<group>"; };
		F24F691B2A48EF75001C2D25 /* AlertPresenter.swift */ = {isa = PBXFileReference; lastKnownFileType = sourcecode.swift; path = AlertPresenter.swift; sourceTree = "<group>"; };
		F24F69212A4E2AFF001C2D25 /* ImagesListService.swift */ = {isa = PBXFileReference; lastKnownFileType = sourcecode.swift; path = ImagesListService.swift; sourceTree = "<group>"; };
		F255E0D42A0FF02700CA1957 /* ProfileViewController.swift */ = {isa = PBXFileReference; lastKnownFileType = sourcecode.swift; path = ProfileViewController.swift; sourceTree = "<group>"; };
		F255E0D62A110E9A00CA1957 /* SingleImageViewController.swift */ = {isa = PBXFileReference; lastKnownFileType = sourcecode.swift; path = SingleImageViewController.swift; sourceTree = "<group>"; };
		F255E0D92A254DD600CA1957 /* AuthConfiguration.swift */ = {isa = PBXFileReference; lastKnownFileType = sourcecode.swift; path = AuthConfiguration.swift; sourceTree = "<group>"; };
		F255E0FB2A262E1E00CA1957 /* AuthViewController.swift */ = {isa = PBXFileReference; lastKnownFileType = sourcecode.swift; path = AuthViewController.swift; sourceTree = "<group>"; };
		F255E0FE2A2631B200CA1957 /* WebViewViewController.swift */ = {isa = PBXFileReference; lastKnownFileType = sourcecode.swift; path = WebViewViewController.swift; sourceTree = "<group>"; };
		F2898F372A5B28A70028C978 /* WebViewPresenter.swift */ = {isa = PBXFileReference; lastKnownFileType = sourcecode.swift; path = WebViewPresenter.swift; sourceTree = "<group>"; };
		F2898F3A2A5C75260028C978 /* AuthHelper.swift */ = {isa = PBXFileReference; lastKnownFileType = sourcecode.swift; path = AuthHelper.swift; sourceTree = "<group>"; };
		F2898F402A5C7CC50028C978 /* ImageFeed-iosTests.xctest */ = {isa = PBXFileReference; explicitFileType = wrapper.cfbundle; includeInIndex = 0; path = "ImageFeed-iosTests.xctest"; sourceTree = BUILT_PRODUCTS_DIR; };
		F2898F422A5C7CC50028C978 /* WebViewTests.swift */ = {isa = PBXFileReference; lastKnownFileType = sourcecode.swift; path = WebViewTests.swift; sourceTree = "<group>"; };
		F2898F492A5C91F00028C978 /* WebViewViewControllerSpy.swift */ = {isa = PBXFileReference; lastKnownFileType = sourcecode.swift; path = WebViewViewControllerSpy.swift; sourceTree = "<group>"; };
		F2898F4B2A5C92950028C978 /* WebViewPresenterSpy.swift */ = {isa = PBXFileReference; lastKnownFileType = sourcecode.swift; path = WebViewPresenterSpy.swift; sourceTree = "<group>"; };
		F29D65B52A63EE42000DF7E2 /* ProfileViewTests.xctest */ = {isa = PBXFileReference; explicitFileType = wrapper.cfbundle; includeInIndex = 0; path = ProfileViewTests.xctest; sourceTree = BUILT_PRODUCTS_DIR; };
		F29D65B72A63EE42000DF7E2 /* ProfileViewTests.swift */ = {isa = PBXFileReference; lastKnownFileType = sourcecode.swift; path = ProfileViewTests.swift; sourceTree = "<group>"; };
		F29D65C32A64994D000DF7E2 /* ProfileViewPresenterSpy.swift */ = {isa = PBXFileReference; lastKnownFileType = sourcecode.swift; path = ProfileViewPresenterSpy.swift; sourceTree = "<group>"; };
		F2BBD8C92A461A5D00F216A4 /* TabBarController.swift */ = {isa = PBXFileReference; lastKnownFileType = sourcecode.swift; path = TabBarController.swift; sourceTree = "<group>"; };
		F2BE817A2A278338009CA280 /* OAuth2Service.swift */ = {isa = PBXFileReference; lastKnownFileType = sourcecode.swift; path = OAuth2Service.swift; sourceTree = "<group>"; };
		F2BE817C2A2791DE009CA280 /* OAuth2TokenStorage.swift */ = {isa = PBXFileReference; lastKnownFileType = sourcecode.swift; path = OAuth2TokenStorage.swift; sourceTree = "<group>"; };
		F2BE81802A2911A9009CA280 /* SplashViewController.swift */ = {isa = PBXFileReference; lastKnownFileType = sourcecode.swift; path = SplashViewController.swift; sourceTree = "<group>"; };
		F2CADF2E2A5F418200B8E9C4 /* ProfileViewPresenter.swift */ = {isa = PBXFileReference; lastKnownFileType = sourcecode.swift; path = ProfileViewPresenter.swift; sourceTree = "<group>"; };
		F2CADF302A60642E00B8E9C4 /* ImagesListViewPresenter.swift */ = {isa = PBXFileReference; lastKnownFileType = sourcecode.swift; path = ImagesListViewPresenter.swift; sourceTree = "<group>"; };
/* End PBXFileReference section */

/* Begin PBXFrameworksBuildPhase section */
		F24D40E22A670FE00085695C /* Frameworks */ = {
			isa = PBXFrameworksBuildPhase;
			buildActionMask = 2147483647;
			files = (
			);
			runOnlyForDeploymentPostprocessing = 0;
		};
		F24F4EFA2A07B8CA007AC749 /* Frameworks */ = {
			isa = PBXFrameworksBuildPhase;
			buildActionMask = 2147483647;
			files = (
				F2A314DF2A424E78005E6B71 /* Kingfisher in Frameworks */,
				F20B3A1E2A34D39300685FAF /* ProgressHUD in Frameworks */,
				F2DF40DB2A436DEC00331249 /* SwiftKeychainWrapper in Frameworks */,
			);
			runOnlyForDeploymentPostprocessing = 0;
		};
		F2898F3D2A5C7CC50028C978 /* Frameworks */ = {
			isa = PBXFrameworksBuildPhase;
			buildActionMask = 2147483647;
			files = (
			);
			runOnlyForDeploymentPostprocessing = 0;
		};
		F29D65B22A63EE42000DF7E2 /* Frameworks */ = {
			isa = PBXFrameworksBuildPhase;
			buildActionMask = 2147483647;
			files = (
			);
			runOnlyForDeploymentPostprocessing = 0;
		};
/* End PBXFrameworksBuildPhase section */

/* Begin PBXGroup section */
		F24D40E62A670FE00085695C /* ImageFeed-iosUITests */ = {
			isa = PBXGroup;
			children = (
				F24D40E72A670FE00085695C /* ImageFeed_iosUITests.swift */,
			);
			path = "ImageFeed-iosUITests";
			sourceTree = "<group>";
		};
		F24F4EF42A07B8CA007AC749 = {
			isa = PBXGroup;
			children = (
				F24F4EFF2A07B8CA007AC749 /* ImageFeed-ios */,
				F2898F412A5C7CC50028C978 /* ImageFeed-iosTests */,
				F24D40E62A670FE00085695C /* ImageFeed-iosUITests */,
				F24F4EFE2A07B8CA007AC749 /* Products */,
			);
			sourceTree = "<group>";
		};
		F24F4EFE2A07B8CA007AC749 /* Products */ = {
			isa = PBXGroup;
			children = (
				F24F4EFD2A07B8CA007AC749 /* ImageFeed-ios.app */,
				F2898F402A5C7CC50028C978 /* ImageFeed-iosTests.xctest */,
				F29D65B52A63EE42000DF7E2 /* ProfileViewTests.xctest */,
				F24D40E52A670FE00085695C /* ImageFeed-iosUITests.xctest */,
			);
			name = Products;
			sourceTree = "<group>";
		};
		F24F4EFF2A07B8CA007AC749 /* ImageFeed-ios */ = {
			isa = PBXGroup;
			children = (
				F24F4F002A07B8CA007AC749 /* AppDelegate.swift */,
				F24F4F022A07B8CA007AC749 /* SceneDelegate.swift */,
				F2898F362A5B28730028C978 /* Auth */,
				F29D65B02A63486F000DF7E2 /* ImageListView */,
				F29D65AF2A634829000DF7E2 /* ProfileView */,
				F2FB58B72A3FADFC00A92EC1 /* ViewControllers */,
				F2FB58B62A3FADC800A92EC1 /* NetworkService */,
				F24F4F062A07B8CA007AC749 /* Main.storyboard */,
				F24F4F092A07B8CB007AC749 /* Assets.xcassets */,
				F24F4F0B2A07B8CB007AC749 /* LaunchScreen.storyboard */,
				F24F4F0E2A07B8CB007AC749 /* Info.plist */,
			);
			path = "ImageFeed-ios";
			sourceTree = "<group>";
		};
		F2898F362A5B28730028C978 /* Auth */ = {
			isa = PBXGroup;
			children = (
				F2898F3A2A5C75260028C978 /* AuthHelper.swift */,
				F255E0D92A254DD600CA1957 /* AuthConfiguration.swift */,
				F255E0FB2A262E1E00CA1957 /* AuthViewController.swift */,
				F2898F372A5B28A70028C978 /* WebViewPresenter.swift */,
				F255E0FE2A2631B200CA1957 /* WebViewViewController.swift */,
				F2BE817C2A2791DE009CA280 /* OAuth2TokenStorage.swift */,
			);
			path = Auth;
			sourceTree = "<group>";
		};
		F2898F412A5C7CC50028C978 /* ImageFeed-iosTests */ = {
			isa = PBXGroup;
			children = (
				F2898F422A5C7CC50028C978 /* WebViewTests.swift */,
				F2898F492A5C91F00028C978 /* WebViewViewControllerSpy.swift */,
				F2898F4B2A5C92950028C978 /* WebViewPresenterSpy.swift */,
				F29D65B72A63EE42000DF7E2 /* ProfileViewTests.swift */,
				F29D65C32A64994D000DF7E2 /* ProfileViewPresenterSpy.swift */,
				F24D40DF2A65E1C30085695C /* ProfileViewControllerSpy.swift */,
			);
			path = "ImageFeed-iosTests";
			sourceTree = "<group>";
		};
		F29D65AF2A634829000DF7E2 /* ProfileView */ = {
			isa = PBXGroup;
			children = (
				F2CADF2E2A5F418200B8E9C4 /* ProfileViewPresenter.swift */,
				F255E0D42A0FF02700CA1957 /* ProfileViewController.swift */,
			);
			path = ProfileView;
			sourceTree = "<group>";
		};
		F29D65B02A63486F000DF7E2 /* ImageListView */ = {
			isa = PBXGroup;
			children = (
				F2CADF302A60642E00B8E9C4 /* ImagesListViewPresenter.swift */,
				F24F4F042A07B8CA007AC749 /* ImagesListViewController.swift */,
				F2259F122A098B2A003F7344 /* ImagesListCell.swift */,
			);
			path = ImageListView;
			sourceTree = "<group>";
		};
		F2FB58B62A3FADC800A92EC1 /* NetworkService */ = {
			isa = PBXGroup;
			children = (
				F20B3A332A3EF04300685FAF /* NetworkExtension.swift */,
				F2BE817A2A278338009CA280 /* OAuth2Service.swift */,
				F20B3A212A3A1E1C00685FAF /* ProfileService.swift */,
				F20B3A2D2A3E03FC00685FAF /* ProfileImageService.swift */,
				F24F69212A4E2AFF001C2D25 /* ImagesListService.swift */,
				F20B3A1F2A37D44A00685FAF /* UIBlockingProgressHUD.swift */,
			);
			path = NetworkService;
			sourceTree = "<group>";
		};
		F2FB58B72A3FADFC00A92EC1 /* ViewControllers */ = {
			isa = PBXGroup;
			children = (
				F2BE81802A2911A9009CA280 /* SplashViewController.swift */,
				F2BBD8C92A461A5D00F216A4 /* TabBarController.swift */,
				F255E0D62A110E9A00CA1957 /* SingleImageViewController.swift */,
				F24F691B2A48EF75001C2D25 /* AlertPresenter.swift */,
			);
			path = ViewControllers;
			sourceTree = "<group>";
		};
/* End PBXGroup section */

/* Begin PBXNativeTarget section */
		F24D40E42A670FE00085695C /* ImageFeed-iosUITests */ = {
			isa = PBXNativeTarget;
			buildConfigurationList = F24D40EF2A670FE00085695C /* Build configuration list for PBXNativeTarget "ImageFeed-iosUITests" */;
			buildPhases = (
				F24D40E12A670FE00085695C /* Sources */,
				F24D40E22A670FE00085695C /* Frameworks */,
				F24D40E32A670FE00085695C /* Resources */,
			);
			buildRules = (
			);
			dependencies = (
				F24D40EC2A670FE00085695C /* PBXTargetDependency */,
			);
			name = "ImageFeed-iosUITests";
			productName = "ImageFeed-iosUITests";
			productReference = F24D40E52A670FE00085695C /* ImageFeed-iosUITests.xctest */;
			productType = "com.apple.product-type.bundle.ui-testing";
		};
		F24F4EFC2A07B8CA007AC749 /* ImageFeed-ios */ = {
			isa = PBXNativeTarget;
			buildConfigurationList = F24F4F112A07B8CB007AC749 /* Build configuration list for PBXNativeTarget "ImageFeed-ios" */;
			buildPhases = (
				F24F4EF92A07B8CA007AC749 /* Sources */,
				F24F4EFA2A07B8CA007AC749 /* Frameworks */,
				F24F4EFB2A07B8CA007AC749 /* Resources */,
			);
			buildRules = (
			);
			dependencies = (
			);
			name = "ImageFeed-ios";
			packageProductDependencies = (
				F20B3A1D2A34D39300685FAF /* ProgressHUD */,
				F2A314DE2A424E78005E6B71 /* Kingfisher */,
				F2DF40DA2A436DEC00331249 /* SwiftKeychainWrapper */,
			);
			productName = "ImageFeed-ios";
			productReference = F24F4EFD2A07B8CA007AC749 /* ImageFeed-ios.app */;
			productType = "com.apple.product-type.application";
		};
		F2898F3F2A5C7CC50028C978 /* ImageFeed-iosTests */ = {
			isa = PBXNativeTarget;
			buildConfigurationList = F2898F482A5C7CC50028C978 /* Build configuration list for PBXNativeTarget "ImageFeed-iosTests" */;
			buildPhases = (
				F2898F3C2A5C7CC50028C978 /* Sources */,
				F2898F3D2A5C7CC50028C978 /* Frameworks */,
				F2898F3E2A5C7CC50028C978 /* Resources */,
			);
			buildRules = (
			);
			dependencies = (
				F2898F452A5C7CC50028C978 /* PBXTargetDependency */,
			);
			name = "ImageFeed-iosTests";
			productName = "ImageFeed-iosTests";
			productReference = F2898F402A5C7CC50028C978 /* ImageFeed-iosTests.xctest */;
			productType = "com.apple.product-type.bundle.unit-test";
		};
		F29D65B42A63EE42000DF7E2 /* ProfileViewTests */ = {
			isa = PBXNativeTarget;
			buildConfigurationList = F29D65BD2A63EE42000DF7E2 /* Build configuration list for PBXNativeTarget "ProfileViewTests" */;
			buildPhases = (
				F29D65B12A63EE42000DF7E2 /* Sources */,
				F29D65B22A63EE42000DF7E2 /* Frameworks */,
				F29D65B32A63EE42000DF7E2 /* Resources */,
			);
			buildRules = (
			);
			dependencies = (
				F29D65BA2A63EE42000DF7E2 /* PBXTargetDependency */,
			);
			name = ProfileViewTests;
			productName = ProfileViewTests;
			productReference = F29D65B52A63EE42000DF7E2 /* ProfileViewTests.xctest */;
			productType = "com.apple.product-type.bundle.unit-test";
		};
/* End PBXNativeTarget section */

/* Begin PBXProject section */
		F24F4EF52A07B8CA007AC749 /* Project object */ = {
			isa = PBXProject;
			attributes = {
				BuildIndependentTargetsInParallel = 1;
				LastSwiftUpdateCheck = 1430;
				LastUpgradeCheck = 1430;
				TargetAttributes = {
					F24D40E42A670FE00085695C = {
						CreatedOnToolsVersion = 14.3.1;
						TestTargetID = F24F4EFC2A07B8CA007AC749;
					};
					F24F4EFC2A07B8CA007AC749 = {
						CreatedOnToolsVersion = 14.3;
					};
					F2898F3F2A5C7CC50028C978 = {
						CreatedOnToolsVersion = 14.3.1;
						TestTargetID = F24F4EFC2A07B8CA007AC749;
					};
					F29D65B42A63EE42000DF7E2 = {
						CreatedOnToolsVersion = 14.3.1;
						TestTargetID = F24F4EFC2A07B8CA007AC749;
					};
				};
			};
			buildConfigurationList = F24F4EF82A07B8CA007AC749 /* Build configuration list for PBXProject "ImageFeed-ios" */;
			compatibilityVersion = "Xcode 14.0";
			developmentRegion = en;
			hasScannedForEncodings = 0;
			knownRegions = (
				en,
				Base,
			);
			mainGroup = F24F4EF42A07B8CA007AC749;
			packageReferences = (
				F20B3A1C2A34D39300685FAF /* XCRemoteSwiftPackageReference "ProgressHUD" */,
				F2A314DD2A424E78005E6B71 /* XCRemoteSwiftPackageReference "Kingfisher" */,
				F2DF40D92A436DEC00331249 /* XCRemoteSwiftPackageReference "SwiftKeychainWrapper" */,
			);
			productRefGroup = F24F4EFE2A07B8CA007AC749 /* Products */;
			projectDirPath = "";
			projectRoot = "";
			targets = (
				F24F4EFC2A07B8CA007AC749 /* ImageFeed-ios */,
				F2898F3F2A5C7CC50028C978 /* ImageFeed-iosTests */,
				F29D65B42A63EE42000DF7E2 /* ProfileViewTests */,
				F24D40E42A670FE00085695C /* ImageFeed-iosUITests */,
			);
		};
/* End PBXProject section */

/* Begin PBXResourcesBuildPhase section */
		F24D40E32A670FE00085695C /* Resources */ = {
			isa = PBXResourcesBuildPhase;
			buildActionMask = 2147483647;
			files = (
			);
			runOnlyForDeploymentPostprocessing = 0;
		};
		F24F4EFB2A07B8CA007AC749 /* Resources */ = {
			isa = PBXResourcesBuildPhase;
			buildActionMask = 2147483647;
			files = (
				F24F4F0D2A07B8CB007AC749 /* LaunchScreen.storyboard in Resources */,
				F24F4F0A2A07B8CB007AC749 /* Assets.xcassets in Resources */,
				F24F4F082A07B8CA007AC749 /* Main.storyboard in Resources */,
			);
			runOnlyForDeploymentPostprocessing = 0;
		};
		F2898F3E2A5C7CC50028C978 /* Resources */ = {
			isa = PBXResourcesBuildPhase;
			buildActionMask = 2147483647;
			files = (
			);
			runOnlyForDeploymentPostprocessing = 0;
		};
		F29D65B32A63EE42000DF7E2 /* Resources */ = {
			isa = PBXResourcesBuildPhase;
			buildActionMask = 2147483647;
			files = (
			);
			runOnlyForDeploymentPostprocessing = 0;
		};
/* End PBXResourcesBuildPhase section */

/* Begin PBXSourcesBuildPhase section */
		F24D40E12A670FE00085695C /* Sources */ = {
			isa = PBXSourcesBuildPhase;
			buildActionMask = 2147483647;
			files = (
				F24D40E82A670FE00085695C /* ImageFeed_iosUITests.swift in Sources */,
			);
			runOnlyForDeploymentPostprocessing = 0;
		};
		F24F4EF92A07B8CA007AC749 /* Sources */ = {
			isa = PBXSourcesBuildPhase;
			buildActionMask = 2147483647;
			files = (
				F24F69222A4E2AFF001C2D25 /* ImagesListService.swift in Sources */,
				F24F4F052A07B8CA007AC749 /* ImagesListViewController.swift in Sources */,
				F2259F132A098B2A003F7344 /* ImagesListCell.swift in Sources */,
				F255E0D52A0FF02700CA1957 /* ProfileViewController.swift in Sources */,
				F2BE81812A2911A9009CA280 /* SplashViewController.swift in Sources */,
				F2898F3B2A5C75260028C978 /* AuthHelper.swift in Sources */,
				F24F4F012A07B8CA007AC749 /* AppDelegate.swift in Sources */,
				F20B3A2E2A3E03FC00685FAF /* ProfileImageService.swift in Sources */,
				F2BE817D2A2791DE009CA280 /* OAuth2TokenStorage.swift in Sources */,
				F20B3A202A37D44A00685FAF /* UIBlockingProgressHUD.swift in Sources */,
				F255E0FC2A262E1E00CA1957 /* AuthViewController.swift in Sources */,
				F2898F382A5B28A70028C978 /* WebViewPresenter.swift in Sources */,
				F2CADF312A60642E00B8E9C4 /* ImagesListViewPresenter.swift in Sources */,
				F2BBD8CA2A461A5D00F216A4 /* TabBarController.swift in Sources */,
				F2CADF2F2A5F418200B8E9C4 /* ProfileViewPresenter.swift in Sources */,
				F255E0DA2A254DD600CA1957 /* AuthConfiguration.swift in Sources */,
				F24F691C2A48EF75001C2D25 /* AlertPresenter.swift in Sources */,
				F255E0D72A110E9A00CA1957 /* SingleImageViewController.swift in Sources */,
				F255E0FF2A2631B200CA1957 /* WebViewViewController.swift in Sources */,
				F2BE817B2A278338009CA280 /* OAuth2Service.swift in Sources */,
				F20B3A342A3EF04300685FAF /* NetworkExtension.swift in Sources */,
				F24F4F032A07B8CA007AC749 /* SceneDelegate.swift in Sources */,
				F20B3A222A3A1E1C00685FAF /* ProfileService.swift in Sources */,
			);
			runOnlyForDeploymentPostprocessing = 0;
		};
		F2898F3C2A5C7CC50028C978 /* Sources */ = {
			isa = PBXSourcesBuildPhase;
			buildActionMask = 2147483647;
			files = (
				F29D65BE2A63EE74000DF7E2 /* ProfileViewTests.swift in Sources */,
				F29D65C42A64994D000DF7E2 /* ProfileViewPresenterSpy.swift in Sources */,
				F2898F432A5C7CC50028C978 /* WebViewTests.swift in Sources */,
				F2898F4A2A5C91F00028C978 /* WebViewViewControllerSpy.swift in Sources */,
				F2898F4C2A5C92950028C978 /* WebViewPresenterSpy.swift in Sources */,
				F24D40E02A65E1C30085695C /* ProfileViewControllerSpy.swift in Sources */,
			);
			runOnlyForDeploymentPostprocessing = 0;
		};
		F29D65B12A63EE42000DF7E2 /* Sources */ = {
			isa = PBXSourcesBuildPhase;
			buildActionMask = 2147483647;
			files = (
			);
			runOnlyForDeploymentPostprocessing = 0;
		};
/* End PBXSourcesBuildPhase section */

/* Begin PBXTargetDependency section */
		F24D40EC2A670FE00085695C /* PBXTargetDependency */ = {
			isa = PBXTargetDependency;
			target = F24F4EFC2A07B8CA007AC749 /* ImageFeed-ios */;
			targetProxy = F24D40EB2A670FE00085695C /* PBXContainerItemProxy */;
		};
		F2898F452A5C7CC50028C978 /* PBXTargetDependency */ = {
			isa = PBXTargetDependency;
			target = F24F4EFC2A07B8CA007AC749 /* ImageFeed-ios */;
			targetProxy = F2898F442A5C7CC50028C978 /* PBXContainerItemProxy */;
		};
		F29D65BA2A63EE42000DF7E2 /* PBXTargetDependency */ = {
			isa = PBXTargetDependency;
			target = F24F4EFC2A07B8CA007AC749 /* ImageFeed-ios */;
			targetProxy = F29D65B92A63EE42000DF7E2 /* PBXContainerItemProxy */;
		};
/* End PBXTargetDependency section */

/* Begin PBXVariantGroup section */
		F24F4F062A07B8CA007AC749 /* Main.storyboard */ = {
			isa = PBXVariantGroup;
			children = (
				F24F4F072A07B8CA007AC749 /* Base */,
			);
			name = Main.storyboard;
			sourceTree = "<group>";
		};
		F24F4F0B2A07B8CB007AC749 /* LaunchScreen.storyboard */ = {
			isa = PBXVariantGroup;
			children = (
				F24F4F0C2A07B8CB007AC749 /* Base */,
			);
			name = LaunchScreen.storyboard;
			sourceTree = "<group>";
		};
/* End PBXVariantGroup section */

/* Begin XCBuildConfiguration section */
		F24D40ED2A670FE00085695C /* Debug */ = {
			isa = XCBuildConfiguration;
			buildSettings = {
				CODE_SIGN_STYLE = Automatic;
				CURRENT_PROJECT_VERSION = 1;
				DEVELOPMENT_TEAM = 3WUFQGL67T;
				GENERATE_INFOPLIST_FILE = YES;
				MARKETING_VERSION = 1.0;
				PRODUCT_BUNDLE_IDENTIFIER = "ru.kosmonur.ImageFeed-iosUITests";
				PRODUCT_NAME = "$(TARGET_NAME)";
				SWIFT_EMIT_LOC_STRINGS = NO;
				SWIFT_VERSION = 5.0;
				TARGETED_DEVICE_FAMILY = "1,2";
				TEST_TARGET_NAME = "ImageFeed-ios";
			};
			name = Debug;
		};
		F24D40EE2A670FE00085695C /* Release */ = {
			isa = XCBuildConfiguration;
			buildSettings = {
				CODE_SIGN_STYLE = Automatic;
				CURRENT_PROJECT_VERSION = 1;
				DEVELOPMENT_TEAM = 3WUFQGL67T;
				GENERATE_INFOPLIST_FILE = YES;
				MARKETING_VERSION = 1.0;
				PRODUCT_BUNDLE_IDENTIFIER = "ru.kosmonur.ImageFeed-iosUITests";
				PRODUCT_NAME = "$(TARGET_NAME)";
				SWIFT_EMIT_LOC_STRINGS = NO;
				SWIFT_VERSION = 5.0;
				TARGETED_DEVICE_FAMILY = "1,2";
				TEST_TARGET_NAME = "ImageFeed-ios";
			};
			name = Release;
		};
		F24F4F0F2A07B8CB007AC749 /* Debug */ = {
			isa = XCBuildConfiguration;
			buildSettings = {
				ALWAYS_SEARCH_USER_PATHS = NO;
				CLANG_ANALYZER_NONNULL = YES;
				CLANG_ANALYZER_NUMBER_OBJECT_CONVERSION = YES_AGGRESSIVE;
				CLANG_CXX_LANGUAGE_STANDARD = "gnu++20";
				CLANG_ENABLE_MODULES = YES;
				CLANG_ENABLE_OBJC_ARC = YES;
				CLANG_ENABLE_OBJC_WEAK = YES;
				CLANG_WARN_BLOCK_CAPTURE_AUTORELEASING = YES;
				CLANG_WARN_BOOL_CONVERSION = YES;
				CLANG_WARN_COMMA = YES;
				CLANG_WARN_CONSTANT_CONVERSION = YES;
				CLANG_WARN_DEPRECATED_OBJC_IMPLEMENTATIONS = YES;
				CLANG_WARN_DIRECT_OBJC_ISA_USAGE = YES_ERROR;
				CLANG_WARN_DOCUMENTATION_COMMENTS = YES;
				CLANG_WARN_EMPTY_BODY = YES;
				CLANG_WARN_ENUM_CONVERSION = YES;
				CLANG_WARN_INFINITE_RECURSION = YES;
				CLANG_WARN_INT_CONVERSION = YES;
				CLANG_WARN_NON_LITERAL_NULL_CONVERSION = YES;
				CLANG_WARN_OBJC_IMPLICIT_RETAIN_SELF = YES;
				CLANG_WARN_OBJC_LITERAL_CONVERSION = YES;
				CLANG_WARN_OBJC_ROOT_CLASS = YES_ERROR;
				CLANG_WARN_QUOTED_INCLUDE_IN_FRAMEWORK_HEADER = YES;
				CLANG_WARN_RANGE_LOOP_ANALYSIS = YES;
				CLANG_WARN_STRICT_PROTOTYPES = YES;
				CLANG_WARN_SUSPICIOUS_MOVE = YES;
				CLANG_WARN_UNGUARDED_AVAILABILITY = YES_AGGRESSIVE;
				CLANG_WARN_UNREACHABLE_CODE = YES;
				CLANG_WARN__DUPLICATE_METHOD_MATCH = YES;
				COPY_PHASE_STRIP = NO;
				DEBUG_INFORMATION_FORMAT = dwarf;
				ENABLE_STRICT_OBJC_MSGSEND = YES;
				ENABLE_TESTABILITY = YES;
				GCC_C_LANGUAGE_STANDARD = gnu11;
				GCC_DYNAMIC_NO_PIC = NO;
				GCC_NO_COMMON_BLOCKS = YES;
				GCC_OPTIMIZATION_LEVEL = 0;
				GCC_PREPROCESSOR_DEFINITIONS = (
					"DEBUG=1",
					"$(inherited)",
				);
				GCC_WARN_64_TO_32_BIT_CONVERSION = YES;
				GCC_WARN_ABOUT_RETURN_TYPE = YES_ERROR;
				GCC_WARN_UNDECLARED_SELECTOR = YES;
				GCC_WARN_UNINITIALIZED_AUTOS = YES_AGGRESSIVE;
				GCC_WARN_UNUSED_FUNCTION = YES;
				GCC_WARN_UNUSED_VARIABLE = YES;
				IPHONEOS_DEPLOYMENT_TARGET = 16.4;
				MTL_ENABLE_DEBUG_INFO = INCLUDE_SOURCE;
				MTL_FAST_MATH = YES;
				ONLY_ACTIVE_ARCH = YES;
				SDKROOT = iphoneos;
				SWIFT_ACTIVE_COMPILATION_CONDITIONS = DEBUG;
				SWIFT_OPTIMIZATION_LEVEL = "-Onone";
			};
			name = Debug;
		};
		F24F4F102A07B8CB007AC749 /* Release */ = {
			isa = XCBuildConfiguration;
			buildSettings = {
				ALWAYS_SEARCH_USER_PATHS = NO;
				CLANG_ANALYZER_NONNULL = YES;
				CLANG_ANALYZER_NUMBER_OBJECT_CONVERSION = YES_AGGRESSIVE;
				CLANG_CXX_LANGUAGE_STANDARD = "gnu++20";
				CLANG_ENABLE_MODULES = YES;
				CLANG_ENABLE_OBJC_ARC = YES;
				CLANG_ENABLE_OBJC_WEAK = YES;
				CLANG_WARN_BLOCK_CAPTURE_AUTORELEASING = YES;
				CLANG_WARN_BOOL_CONVERSION = YES;
				CLANG_WARN_COMMA = YES;
				CLANG_WARN_CONSTANT_CONVERSION = YES;
				CLANG_WARN_DEPRECATED_OBJC_IMPLEMENTATIONS = YES;
				CLANG_WARN_DIRECT_OBJC_ISA_USAGE = YES_ERROR;
				CLANG_WARN_DOCUMENTATION_COMMENTS = YES;
				CLANG_WARN_EMPTY_BODY = YES;
				CLANG_WARN_ENUM_CONVERSION = YES;
				CLANG_WARN_INFINITE_RECURSION = YES;
				CLANG_WARN_INT_CONVERSION = YES;
				CLANG_WARN_NON_LITERAL_NULL_CONVERSION = YES;
				CLANG_WARN_OBJC_IMPLICIT_RETAIN_SELF = YES;
				CLANG_WARN_OBJC_LITERAL_CONVERSION = YES;
				CLANG_WARN_OBJC_ROOT_CLASS = YES_ERROR;
				CLANG_WARN_QUOTED_INCLUDE_IN_FRAMEWORK_HEADER = YES;
				CLANG_WARN_RANGE_LOOP_ANALYSIS = YES;
				CLANG_WARN_STRICT_PROTOTYPES = YES;
				CLANG_WARN_SUSPICIOUS_MOVE = YES;
				CLANG_WARN_UNGUARDED_AVAILABILITY = YES_AGGRESSIVE;
				CLANG_WARN_UNREACHABLE_CODE = YES;
				CLANG_WARN__DUPLICATE_METHOD_MATCH = YES;
				COPY_PHASE_STRIP = NO;
				DEBUG_INFORMATION_FORMAT = "dwarf-with-dsym";
				ENABLE_NS_ASSERTIONS = NO;
				ENABLE_STRICT_OBJC_MSGSEND = YES;
				GCC_C_LANGUAGE_STANDARD = gnu11;
				GCC_NO_COMMON_BLOCKS = YES;
				GCC_WARN_64_TO_32_BIT_CONVERSION = YES;
				GCC_WARN_ABOUT_RETURN_TYPE = YES_ERROR;
				GCC_WARN_UNDECLARED_SELECTOR = YES;
				GCC_WARN_UNINITIALIZED_AUTOS = YES_AGGRESSIVE;
				GCC_WARN_UNUSED_FUNCTION = YES;
				GCC_WARN_UNUSED_VARIABLE = YES;
				IPHONEOS_DEPLOYMENT_TARGET = 16.4;
				MTL_ENABLE_DEBUG_INFO = NO;
				MTL_FAST_MATH = YES;
				SDKROOT = iphoneos;
				SWIFT_COMPILATION_MODE = wholemodule;
				SWIFT_OPTIMIZATION_LEVEL = "-O";
				VALIDATE_PRODUCT = YES;
			};
			name = Release;
		};
		F24F4F122A07B8CB007AC749 /* Debug */ = {
			isa = XCBuildConfiguration;
			buildSettings = {
				ASSETCATALOG_COMPILER_APPICON_NAME = AppIcon;
				ASSETCATALOG_COMPILER_GLOBAL_ACCENT_COLOR_NAME = AccentColor;
				CODE_SIGN_STYLE = Automatic;
				CURRENT_PROJECT_VERSION = 1;
				DEVELOPMENT_TEAM = 3WUFQGL67T;
				GENERATE_INFOPLIST_FILE = YES;
				INFOPLIST_FILE = "ImageFeed-ios/Info.plist";
				INFOPLIST_KEY_UIApplicationSupportsIndirectInputEvents = YES;
				INFOPLIST_KEY_UILaunchStoryboardName = LaunchScreen;
				INFOPLIST_KEY_UIMainStoryboardFile = Main;
				INFOPLIST_KEY_UIStatusBarStyle = UIStatusBarStyleLightContent;
				INFOPLIST_KEY_UISupportedInterfaceOrientations = UIInterfaceOrientationPortrait;
				INFOPLIST_KEY_UISupportedInterfaceOrientations_iPad = "UIInterfaceOrientationLandscapeLeft UIInterfaceOrientationLandscapeRight UIInterfaceOrientationPortrait UIInterfaceOrientationPortraitUpsideDown";
				IPHONEOS_DEPLOYMENT_TARGET = 13.0;
				LD_RUNPATH_SEARCH_PATHS = (
					"$(inherited)",
					"@executable_path/Frameworks",
				);
				MARKETING_VERSION = 1.0;
				PRODUCT_BUNDLE_IDENTIFIER = "ru.kosmonur.ImageFeed-ios";
				PRODUCT_NAME = "$(TARGET_NAME)";
				SUPPORTED_PLATFORMS = "iphoneos iphonesimulator";
				SUPPORTS_MACCATALYST = NO;
				SUPPORTS_MAC_DESIGNED_FOR_IPHONE_IPAD = YES;
				SWIFT_EMIT_LOC_STRINGS = YES;
				SWIFT_VERSION = 5.0;
				TARGETED_DEVICE_FAMILY = 1;
			};
			name = Debug;
		};
		F24F4F132A07B8CB007AC749 /* Release */ = {
			isa = XCBuildConfiguration;
			buildSettings = {
				ASSETCATALOG_COMPILER_APPICON_NAME = AppIcon;
				ASSETCATALOG_COMPILER_GLOBAL_ACCENT_COLOR_NAME = AccentColor;
				CODE_SIGN_STYLE = Automatic;
				CURRENT_PROJECT_VERSION = 1;
				DEVELOPMENT_TEAM = 3WUFQGL67T;
				GENERATE_INFOPLIST_FILE = YES;
				INFOPLIST_FILE = "ImageFeed-ios/Info.plist";
				INFOPLIST_KEY_UIApplicationSupportsIndirectInputEvents = YES;
				INFOPLIST_KEY_UILaunchStoryboardName = LaunchScreen;
				INFOPLIST_KEY_UIMainStoryboardFile = Main;
				INFOPLIST_KEY_UIStatusBarStyle = UIStatusBarStyleLightContent;
				INFOPLIST_KEY_UISupportedInterfaceOrientations = UIInterfaceOrientationPortrait;
				INFOPLIST_KEY_UISupportedInterfaceOrientations_iPad = "UIInterfaceOrientationLandscapeLeft UIInterfaceOrientationLandscapeRight UIInterfaceOrientationPortrait UIInterfaceOrientationPortraitUpsideDown";
				IPHONEOS_DEPLOYMENT_TARGET = 13.0;
				LD_RUNPATH_SEARCH_PATHS = (
					"$(inherited)",
					"@executable_path/Frameworks",
				);
				MARKETING_VERSION = 1.0;
				PRODUCT_BUNDLE_IDENTIFIER = "ru.kosmonur.ImageFeed-ios";
				PRODUCT_NAME = "$(TARGET_NAME)";
				SUPPORTED_PLATFORMS = "iphoneos iphonesimulator";
				SUPPORTS_MACCATALYST = NO;
				SUPPORTS_MAC_DESIGNED_FOR_IPHONE_IPAD = YES;
				SWIFT_EMIT_LOC_STRINGS = YES;
				SWIFT_VERSION = 5.0;
				TARGETED_DEVICE_FAMILY = 1;
			};
			name = Release;
		};
		F2898F462A5C7CC50028C978 /* Debug */ = {
			isa = XCBuildConfiguration;
			buildSettings = {
				BUNDLE_LOADER = "$(TEST_HOST)";
				CODE_SIGN_STYLE = Automatic;
				CURRENT_PROJECT_VERSION = 1;
				DEVELOPMENT_TEAM = 3WUFQGL67T;
				GENERATE_INFOPLIST_FILE = YES;
				MARKETING_VERSION = 1.0;
				PRODUCT_BUNDLE_IDENTIFIER = "ru.kosmonur.ImageFeed-iosTests";
				PRODUCT_NAME = "$(TARGET_NAME)";
				SWIFT_EMIT_LOC_STRINGS = NO;
				SWIFT_VERSION = 5.0;
				TARGETED_DEVICE_FAMILY = "1,2";
				TEST_HOST = "$(BUILT_PRODUCTS_DIR)/ImageFeed-ios.app/$(BUNDLE_EXECUTABLE_FOLDER_PATH)/ImageFeed-ios";
			};
			name = Debug;
		};
		F2898F472A5C7CC50028C978 /* Release */ = {
			isa = XCBuildConfiguration;
			buildSettings = {
				BUNDLE_LOADER = "$(TEST_HOST)";
				CODE_SIGN_STYLE = Automatic;
				CURRENT_PROJECT_VERSION = 1;
				DEVELOPMENT_TEAM = 3WUFQGL67T;
				GENERATE_INFOPLIST_FILE = YES;
				MARKETING_VERSION = 1.0;
				PRODUCT_BUNDLE_IDENTIFIER = "ru.kosmonur.ImageFeed-iosTests";
				PRODUCT_NAME = "$(TARGET_NAME)";
				SWIFT_EMIT_LOC_STRINGS = NO;
				SWIFT_VERSION = 5.0;
				TARGETED_DEVICE_FAMILY = "1,2";
				TEST_HOST = "$(BUILT_PRODUCTS_DIR)/ImageFeed-ios.app/$(BUNDLE_EXECUTABLE_FOLDER_PATH)/ImageFeed-ios";
			};
			name = Release;
		};
		F29D65BB2A63EE42000DF7E2 /* Debug */ = {
			isa = XCBuildConfiguration;
			buildSettings = {
				BUNDLE_LOADER = "$(TEST_HOST)";
				CODE_SIGN_STYLE = Automatic;
				CURRENT_PROJECT_VERSION = 1;
				DEVELOPMENT_TEAM = 3WUFQGL67T;
				GENERATE_INFOPLIST_FILE = YES;
				MARKETING_VERSION = 1.0;
				PRODUCT_BUNDLE_IDENTIFIER = ru.kosmonur.ProfileViewTests;
				PRODUCT_NAME = "$(TARGET_NAME)";
				SWIFT_EMIT_LOC_STRINGS = NO;
				SWIFT_VERSION = 5.0;
				TARGETED_DEVICE_FAMILY = "1,2";
				TEST_HOST = "$(BUILT_PRODUCTS_DIR)/ImageFeed-ios.app/$(BUNDLE_EXECUTABLE_FOLDER_PATH)/ImageFeed-ios";
			};
			name = Debug;
		};
		F29D65BC2A63EE42000DF7E2 /* Release */ = {
			isa = XCBuildConfiguration;
			buildSettings = {
				BUNDLE_LOADER = "$(TEST_HOST)";
				CODE_SIGN_STYLE = Automatic;
				CURRENT_PROJECT_VERSION = 1;
				DEVELOPMENT_TEAM = 3WUFQGL67T;
				GENERATE_INFOPLIST_FILE = YES;
				MARKETING_VERSION = 1.0;
				PRODUCT_BUNDLE_IDENTIFIER = ru.kosmonur.ProfileViewTests;
				PRODUCT_NAME = "$(TARGET_NAME)";
				SWIFT_EMIT_LOC_STRINGS = NO;
				SWIFT_VERSION = 5.0;
				TARGETED_DEVICE_FAMILY = "1,2";
				TEST_HOST = "$(BUILT_PRODUCTS_DIR)/ImageFeed-ios.app/$(BUNDLE_EXECUTABLE_FOLDER_PATH)/ImageFeed-ios";
			};
			name = Release;
		};
/* End XCBuildConfiguration section */

/* Begin XCConfigurationList section */
		F24D40EF2A670FE00085695C /* Build configuration list for PBXNativeTarget "ImageFeed-iosUITests" */ = {
			isa = XCConfigurationList;
			buildConfigurations = (
				F24D40ED2A670FE00085695C /* Debug */,
				F24D40EE2A670FE00085695C /* Release */,
			);
			defaultConfigurationIsVisible = 0;
			defaultConfigurationName = Release;
		};
		F24F4EF82A07B8CA007AC749 /* Build configuration list for PBXProject "ImageFeed-ios" */ = {
			isa = XCConfigurationList;
			buildConfigurations = (
				F24F4F0F2A07B8CB007AC749 /* Debug */,
				F24F4F102A07B8CB007AC749 /* Release */,
			);
			defaultConfigurationIsVisible = 0;
			defaultConfigurationName = Release;
		};
		F24F4F112A07B8CB007AC749 /* Build configuration list for PBXNativeTarget "ImageFeed-ios" */ = {
			isa = XCConfigurationList;
			buildConfigurations = (
				F24F4F122A07B8CB007AC749 /* Debug */,
				F24F4F132A07B8CB007AC749 /* Release */,
			);
			defaultConfigurationIsVisible = 0;
			defaultConfigurationName = Release;
		};
		F2898F482A5C7CC50028C978 /* Build configuration list for PBXNativeTarget "ImageFeed-iosTests" */ = {
			isa = XCConfigurationList;
			buildConfigurations = (
				F2898F462A5C7CC50028C978 /* Debug */,
				F2898F472A5C7CC50028C978 /* Release */,
			);
			defaultConfigurationIsVisible = 0;
			defaultConfigurationName = Release;
		};
		F29D65BD2A63EE42000DF7E2 /* Build configuration list for PBXNativeTarget "ProfileViewTests" */ = {
			isa = XCConfigurationList;
			buildConfigurations = (
				F29D65BB2A63EE42000DF7E2 /* Debug */,
				F29D65BC2A63EE42000DF7E2 /* Release */,
			);
			defaultConfigurationIsVisible = 0;
			defaultConfigurationName = Release;
		};
/* End XCConfigurationList section */

/* Begin XCRemoteSwiftPackageReference section */
		F20B3A1C2A34D39300685FAF /* XCRemoteSwiftPackageReference "ProgressHUD" */ = {
			isa = XCRemoteSwiftPackageReference;
			repositoryURL = "https://github.com/relatedcode/ProgressHUD.git";
			requirement = {
				kind = exactVersion;
				version = 13.6.2;
			};
		};
		F2A314DD2A424E78005E6B71 /* XCRemoteSwiftPackageReference "Kingfisher" */ = {
			isa = XCRemoteSwiftPackageReference;
			repositoryURL = "https://github.com/onevcat/Kingfisher";
			requirement = {
				kind = upToNextMinorVersion;
				minimumVersion = 7.8.1;
			};
		};
		F2DF40D92A436DEC00331249 /* XCRemoteSwiftPackageReference "SwiftKeychainWrapper" */ = {
			isa = XCRemoteSwiftPackageReference;
			repositoryURL = "https://github.com/jrendel/SwiftKeychainWrapper";
			requirement = {
				kind = exactVersion;
				version = 4.0.1;
			};
		};
/* End XCRemoteSwiftPackageReference section */

/* Begin XCSwiftPackageProductDependency section */
		F20B3A1D2A34D39300685FAF /* ProgressHUD */ = {
			isa = XCSwiftPackageProductDependency;
			package = F20B3A1C2A34D39300685FAF /* XCRemoteSwiftPackageReference "ProgressHUD" */;
			productName = ProgressHUD;
		};
		F2A314DE2A424E78005E6B71 /* Kingfisher */ = {
			isa = XCSwiftPackageProductDependency;
			package = F2A314DD2A424E78005E6B71 /* XCRemoteSwiftPackageReference "Kingfisher" */;
			productName = Kingfisher;
		};
		F2DF40DA2A436DEC00331249 /* SwiftKeychainWrapper */ = {
			isa = XCSwiftPackageProductDependency;
			package = F2DF40D92A436DEC00331249 /* XCRemoteSwiftPackageReference "SwiftKeychainWrapper" */;
			productName = SwiftKeychainWrapper;
		};
/* End XCSwiftPackageProductDependency section */
	};
	rootObject = F24F4EF52A07B8CA007AC749 /* Project object */;
}
